
Microsoft Visual Studio Solution File, Format Version 12.00
# Visual Studio Version 17
VisualStudioVersion = 17.1.32407.343
MinimumVisualStudioVersion = 10.0.40219.1
Project("{FAE04EC0-301F-11D3-BF4B-00C04F79EFBC}") = "BackendUkol_WPF_JKupka", "BackendUkol_WPF_JKupka\BackendUkol_WPF_JKupka.csproj", "{5C3E125B-7862-450E-8AAD-CF0194EE2639}"
EndProject
Global
	GlobalSection(SolutionConfigurationPlatforms) = preSolution
		Debug|Any CPU = Debug|Any CPU
		Release|Any CPU = Release|Any CPU
	EndGlobalSection
	GlobalSection(ProjectConfigurationPlatforms) = postSolution
		{5C3E125B-7862-450E-8AAD-CF0194EE2639}.Debug|Any CPU.ActiveCfg = Debug|Any CPU
		{5C3E125B-7862-450E-8AAD-CF0194EE2639}.Debug|Any CPU.Build.0 = Debug|Any CPU
		{5C3E125B-7862-450E-8AAD-CF0194EE2639}.Release|Any CPU.ActiveCfg = Release|Any CPU
		{5C3E125B-7862-450E-8AAD-CF0194EE2639}.Release|Any CPU.Build.0 = Release|Any CPU
	EndGlobalSection
	GlobalSection(SolutionProperties) = preSolution
		HideSolutionNode = FALSE
	EndGlobalSection
	GlobalSection(ExtensibilityGlobals) = postSolution
		SolutionGuid = {8313C01D-9895-4770-8A44-38FC86A0E10E}
	EndGlobalSection
EndGlobal
